// !$*UTF8*$!
{
	archiveVersion = 1;
	classes = {
	};
	objectVersion = 46;
	objects = {

/* Begin PBXBuildFile section */
		710FEDC81DD4508600C4AA79 /* DyWeixin.h in Headers */ = {isa = PBXBuildFile; fileRef = 710FEDC61DD4508600C4AA79 /* DyWeixin.h */; settings = {ATTRIBUTES = (Public, ); }; };
		710FEDD21DD450B200C4AA79 /* libWeChatSDK.a in Frameworks */ = {isa = PBXBuildFile; fileRef = 710FEDCE1DD450B200C4AA79 /* libWeChatSDK.a */; };
		710FEDD31DD450B200C4AA79 /* WechatAuthSDK.h in Headers */ = {isa = PBXBuildFile; fileRef = 710FEDCF1DD450B200C4AA79 /* WechatAuthSDK.h */; };
		710FEDD41DD450B200C4AA79 /* WXApi.h in Headers */ = {isa = PBXBuildFile; fileRef = 710FEDD01DD450B200C4AA79 /* WXApi.h */; };
		710FEDD51DD450B200C4AA79 /* WXApiObject.h in Headers */ = {isa = PBXBuildFile; fileRef = 710FEDD11DD450B200C4AA79 /* WXApiObject.h */; };
		710FEDD81DD4523D00C4AA79 /* Security.framework in Frameworks */ = {isa = PBXBuildFile; fileRef = 710FEDD71DD4523D00C4AA79 /* Security.framework */; };
		710FEDDA1DD4524400C4AA79 /* CoreTelephony.framework in Frameworks */ = {isa = PBXBuildFile; fileRef = 710FEDD91DD4524400C4AA79 /* CoreTelephony.framework */; };
		710FEDDC1DD4524C00C4AA79 /* SystemConfiguration.framework in Frameworks */ = {isa = PBXBuildFile; fileRef = 710FEDDB1DD4524C00C4AA79 /* SystemConfiguration.framework */; };
		710FEDDE1DD4525400C4AA79 /* UIKit.framework in Frameworks */ = {isa = PBXBuildFile; fileRef = 710FEDDD1DD4525400C4AA79 /* UIKit.framework */; };
		710FEDE01DD4525A00C4AA79 /* Foundation.framework in Frameworks */ = {isa = PBXBuildFile; fileRef = 710FEDDF1DD4525A00C4AA79 /* Foundation.framework */; };
		710FEDE21DD4526500C4AA79 /* libz.tbd in Frameworks */ = {isa = PBXBuildFile; fileRef = 710FEDE11DD4526500C4AA79 /* libz.tbd */; };
		710FEDE41DD4526A00C4AA79 /* libc++.tbd in Frameworks */ = {isa = PBXBuildFile; fileRef = 710FEDE31DD4526A00C4AA79 /* libc++.tbd */; };
		710FEDE61DD4527100C4AA79 /* libsqlite3.0.tbd in Frameworks */ = {isa = PBXBuildFile; fileRef = 710FEDE51DD4527100C4AA79 /* libsqlite3.0.tbd */; };
/* End PBXBuildFile section */

/* Begin PBXFileReference section */
		710FEDC31DD4508600C4AA79 /* DyWeixin.framework */ = {isa = PBXFileReference; explicitFileType = wrapper.framework; includeInIndex = 0; path = DyWeixin.framework; sourceTree = BUILT_PRODUCTS_DIR; };
		710FEDC61DD4508600C4AA79 /* DyWeixin.h */ = {isa = PBXFileReference; lastKnownFileType = sourcecode.c.h; path = DyWeixin.h; sourceTree = "<group>"; };
		710FEDC71DD4508600C4AA79 /* Info.plist */ = {isa = PBXFileReference; lastKnownFileType = text.plist.xml; path = Info.plist; sourceTree = "<group>"; };
		710FEDCE1DD450B200C4AA79 /* libWeChatSDK.a */ = {isa = PBXFileReference; lastKnownFileType = archive.ar; path = libWeChatSDK.a; sourceTree = "<group>"; };
		710FEDCF1DD450B200C4AA79 /* WechatAuthSDK.h */ = {isa = PBXFileReference; fileEncoding = 4; lastKnownFileType = sourcecode.c.h; path = WechatAuthSDK.h; sourceTree = "<group>"; };
		710FEDD01DD450B200C4AA79 /* WXApi.h */ = {isa = PBXFileReference; fileEncoding = 4; lastKnownFileType = sourcecode.c.h; path = WXApi.h; sourceTree = "<group>"; };
		710FEDD11DD450B200C4AA79 /* WXApiObject.h */ = {isa = PBXFileReference; fileEncoding = 4; lastKnownFileType = sourcecode.c.h; path = WXApiObject.h; sourceTree = "<group>"; };
		710FEDD71DD4523D00C4AA79 /* Security.framework */ = {isa = PBXFileReference; lastKnownFileType = wrapper.framework; name = Security.framework; path = System/Library/Frameworks/Security.framework; sourceTree = SDKROOT; };
		710FEDD91DD4524400C4AA79 /* CoreTelephony.framework */ = {isa = PBXFileReference; lastKnownFileType = wrapper.framework; name = CoreTelephony.framework; path = System/Library/Frameworks/CoreTelephony.framework; sourceTree = SDKROOT; };
		710FEDDB1DD4524C00C4AA79 /* SystemConfiguration.framework */ = {isa = PBXFileReference; lastKnownFileType = wrapper.framework; name = SystemConfiguration.framework; path = System/Library/Frameworks/SystemConfiguration.framework; sourceTree = SDKROOT; };
		710FEDDD1DD4525400C4AA79 /* UIKit.framework */ = {isa = PBXFileReference; lastKnownFileType = wrapper.framework; name = UIKit.framework; path = System/Library/Frameworks/UIKit.framework; sourceTree = SDKROOT; };
		710FEDDF1DD4525A00C4AA79 /* Foundation.framework */ = {isa = PBXFileReference; lastKnownFileType = wrapper.framework; name = Foundation.framework; path = System/Library/Frameworks/Foundation.framework; sourceTree = SDKROOT; };
		710FEDE11DD4526500C4AA79 /* libz.tbd */ = {isa = PBXFileReference; lastKnownFileType = "sourcecode.text-based-dylib-definition"; name = libz.tbd; path = usr/lib/libz.tbd; sourceTree = SDKROOT; };
		710FEDE31DD4526A00C4AA79 /* libc++.tbd */ = {isa = PBXFileReference; lastKnownFileType = "sourcecode.text-based-dylib-definition"; name = "libc++.tbd"; path = "usr/lib/libc++.tbd"; sourceTree = SDKROOT; };
		710FEDE51DD4527100C4AA79 /* libsqlite3.0.tbd */ = {isa = PBXFileReference; lastKnownFileType = "sourcecode.text-based-dylib-definition"; name = libsqlite3.0.tbd; path = usr/lib/libsqlite3.0.tbd; sourceTree = SDKROOT; };
/* End PBXFileReference section */

/* Begin PBXFrameworksBuildPhase section */
		710FEDBF1DD4508600C4AA79 /* Frameworks */ = {
			isa = PBXFrameworksBuildPhase;
			buildActionMask = 2147483647;
			files = (
				710FEDE61DD4527100C4AA79 /* libsqlite3.0.tbd in Frameworks */,
				710FEDE41DD4526A00C4AA79 /* libc++.tbd in Frameworks */,
				710FEDE21DD4526500C4AA79 /* libz.tbd in Frameworks */,
				710FEDE01DD4525A00C4AA79 /* Foundation.framework in Frameworks */,
				710FEDDE1DD4525400C4AA79 /* UIKit.framework in Frameworks */,
				710FEDDC1DD4524C00C4AA79 /* SystemConfiguration.framework in Frameworks */,
				710FEDDA1DD4524400C4AA79 /* CoreTelephony.framework in Frameworks */,
				710FEDD81DD4523D00C4AA79 /* Security.framework in Frameworks */,
				710FEDD21DD450B200C4AA79 /* libWeChatSDK.a in Frameworks */,
			);
			runOnlyForDeploymentPostprocessing = 0;
		};
/* End PBXFrameworksBuildPhase section */

/* Begin PBXGroup section */
		710FEDB91DD4508600C4AA79 = {
			isa = PBXGroup;
			children = (
				710FEDC51DD4508600C4AA79 /* DyWeixin */,
				710FEDC41DD4508600C4AA79 /* Products */,
				710FEDD61DD4523D00C4AA79 /* Frameworks */,
			);
			sourceTree = "<group>";
		};
		710FEDC41DD4508600C4AA79 /* Products */ = {
			isa = PBXGroup;
			children = (
				710FEDC31DD4508600C4AA79 /* DyWeixin.framework */,
			);
			name = Products;
			sourceTree = "<group>";
		};
		710FEDC51DD4508600C4AA79 /* DyWeixin */ = {
			isa = PBXGroup;
			children = (
				710FEDCE1DD450B200C4AA79 /* libWeChatSDK.a */,
				710FEDCF1DD450B200C4AA79 /* WechatAuthSDK.h */,
				710FEDD01DD450B200C4AA79 /* WXApi.h */,
				710FEDD11DD450B200C4AA79 /* WXApiObject.h */,
				710FEDC61DD4508600C4AA79 /* DyWeixin.h */,
				710FEDC71DD4508600C4AA79 /* Info.plist */,
			);
			path = DyWeixin;
			sourceTree = "<group>";
		};
		710FEDD61DD4523D00C4AA79 /* Frameworks */ = {
			isa = PBXGroup;
			children = (
				710FEDE51DD4527100C4AA79 /* libsqlite3.0.tbd */,
				710FEDE31DD4526A00C4AA79 /* libc++.tbd */,
				710FEDE11DD4526500C4AA79 /* libz.tbd */,
				710FEDDF1DD4525A00C4AA79 /* Foundation.framework */,
				710FEDDD1DD4525400C4AA79 /* UIKit.framework */,
				710FEDDB1DD4524C00C4AA79 /* SystemConfiguration.framework */,
				710FEDD91DD4524400C4AA79 /* CoreTelephony.framework */,
				710FEDD71DD4523D00C4AA79 /* Security.framework */,
			);
			name = Frameworks;
			sourceTree = "<group>";
		};
/* End PBXGroup section */

/* Begin PBXHeadersBuildPhase section */
		710FEDC01DD4508600C4AA79 /* Headers */ = {
			isa = PBXHeadersBuildPhase;
			buildActionMask = 2147483647;
			files = (
				710FEDD41DD450B200C4AA79 /* WXApi.h in Headers */,
				710FEDC81DD4508600C4AA79 /* DyWeixin.h in Headers */,
				710FEDD31DD450B200C4AA79 /* WechatAuthSDK.h in Headers */,
				710FEDD51DD450B200C4AA79 /* WXApiObject.h in Headers */,
			);
			runOnlyForDeploymentPostprocessing = 0;
		};
/* End PBXHeadersBuildPhase section */

/* Begin PBXNativeTarget section */
		710FEDC21DD4508600C4AA79 /* DyWeixin */ = {
			isa = PBXNativeTarget;
			buildConfigurationList = 710FEDCB1DD4508600C4AA79 /* Build configuration list for PBXNativeTarget "DyWeixin" */;
			buildPhases = (
				710FEDBE1DD4508600C4AA79 /* Sources */,
				710FEDBF1DD4508600C4AA79 /* Frameworks */,
				710FEDC01DD4508600C4AA79 /* Headers */,
				710FEDC11DD4508600C4AA79 /* Resources */,
			);
			buildRules = (
			);
			dependencies = (
			);
			name = DyWeixin;
			productName = DyWeixin;
			productReference = 710FEDC31DD4508600C4AA79 /* DyWeixin.framework */;
			productType = "com.apple.product-type.framework";
		};
/* End PBXNativeTarget section */

/* Begin PBXProject section */
		710FEDBA1DD4508600C4AA79 /* Project object */ = {
			isa = PBXProject;
			attributes = {
				LastUpgradeCheck = 0810;
				ORGANIZATIONNAME = huangduyu;
				TargetAttributes = {
					710FEDC21DD4508600C4AA79 = {
						CreatedOnToolsVersion = 8.1;
						DevelopmentTeam = V92MEYS6M8;
						ProvisioningStyle = Automatic;
					};
				};
			};
			buildConfigurationList = 710FEDBD1DD4508600C4AA79 /* Build configuration list for PBXProject "DyWeixin" */;
			compatibilityVersion = "Xcode 3.2";
			developmentRegion = English;
			hasScannedForEncodings = 0;
			knownRegions = (
				en,
			);
			mainGroup = 710FEDB91DD4508600C4AA79;
			productRefGroup = 710FEDC41DD4508600C4AA79 /* Products */;
			projectDirPath = "";
			projectRoot = "";
			targets = (
				710FEDC21DD4508600C4AA79 /* DyWeixin */,
			);
		};
/* End PBXProject section */

/* Begin PBXResourcesBuildPhase section */
		710FEDC11DD4508600C4AA79 /* Resources */ = {
			isa = PBXResourcesBuildPhase;
			buildActionMask = 2147483647;
			files = (
			);
			runOnlyForDeploymentPostprocessing = 0;
		};
/* End PBXResourcesBuildPhase section */

/* Begin PBXSourcesBuildPhase section */
		710FEDBE1DD4508600C4AA79 /* Sources */ = {
			isa = PBXSourcesBuildPhase;
			buildActionMask = 2147483647;
			files = (
			);
			runOnlyForDeploymentPostprocessing = 0;
		};
/* End PBXSourcesBuildPhase section */

/* Begin XCBuildConfiguration section */
		710FEDC91DD4508600C4AA79 /* Debug */ = {
			isa = XCBuildConfiguration;
			buildSettings = {
				ALWAYS_SEARCH_USER_PATHS = NO;
				CLANG_ANALYZER_NONNULL = YES;
				CLANG_CXX_LANGUAGE_STANDARD = "gnu++0x";
				CLANG_CXX_LIBRARY = "libc++";
				CLANG_ENABLE_MODULES = YES;
				CLANG_ENABLE_OBJC_ARC = YES;
				CLANG_WARN_BOOL_CONVERSION = YES;
				CLANG_WARN_CONSTANT_CONVERSION = YES;
				CLANG_WARN_DIRECT_OBJC_ISA_USAGE = YES_ERROR;
				CLANG_WARN_DOCUMENTATION_COMMENTS = YES;
				CLANG_WARN_EMPTY_BODY = YES;
				CLANG_WARN_ENUM_CONVERSION = YES;
				CLANG_WARN_INFINITE_RECURSION = YES;
				CLANG_WARN_INT_CONVERSION = YES;
				CLANG_WARN_OBJC_ROOT_CLASS = YES_ERROR;
				CLANG_WARN_SUSPICIOUS_MOVES = YES;
				CLANG_WARN_UNREACHABLE_CODE = YES;
				CLANG_WARN__DUPLICATE_METHOD_MATCH = YES;
				"CODE_SIGN_IDENTITY[sdk=iphoneos*]" = "iPhone Developer";
				COPY_PHASE_STRIP = NO;
				CURRENT_PROJECT_VERSION = 1;
				DEBUG_INFORMATION_FORMAT = dwarf;
				ENABLE_STRICT_OBJC_MSGSEND = YES;
				ENABLE_TESTABILITY = YES;
				GCC_C_LANGUAGE_STANDARD = gnu99;
				GCC_DYNAMIC_NO_PIC = NO;
				GCC_NO_COMMON_BLOCKS = YES;
				GCC_OPTIMIZATION_LEVEL = 0;
				GCC_PREPROCESSOR_DEFINITIONS = (
					"DEBUG=1",
					"$(inherited)",
				);
				GCC_WARN_64_TO_32_BIT_CONVERSION = YES;
				GCC_WARN_ABOUT_RETURN_TYPE = YES_ERROR;
				GCC_WARN_UNDECLARED_SELECTOR = YES;
				GCC_WARN_UNINITIALIZED_AUTOS = YES_AGGRESSIVE;
				GCC_WARN_UNUSED_FUNCTION = YES;
				GCC_WARN_UNUSED_VARIABLE = YES;
				IPHONEOS_DEPLOYMENT_TARGET = 10.1;
				MTL_ENABLE_DEBUG_INFO = YES;
				ONLY_ACTIVE_ARCH = YES;
				SDKROOT = iphoneos;
				TARGETED_DEVICE_FAMILY = "1,2";
				VERSIONING_SYSTEM = "apple-generic";
				VERSION_INFO_PREFIX = "";
			};
			name = Debug;
		};
		710FEDCA1DD4508600C4AA79 /* Release */ = {
			isa = XCBuildConfiguration;
			buildSettings = {
				ALWAYS_SEARCH_USER_PATHS = NO;
				CLANG_ANALYZER_NONNULL = YES;
				CLANG_CXX_LANGUAGE_STANDARD = "gnu++0x";
				CLANG_CXX_LIBRARY = "libc++";
				CLANG_ENABLE_MODULES = YES;
				CLANG_ENABLE_OBJC_ARC = YES;
				CLANG_WARN_BOOL_CONVERSION = YES;
				CLANG_WARN_CONSTANT_CONVERSION = YES;
				CLANG_WARN_DIRECT_OBJC_ISA_USAGE = YES_ERROR;
				CLANG_WARN_DOCUMENTATION_COMMENTS = YES;
				CLANG_WARN_EMPTY_BODY = YES;
				CLANG_WARN_ENUM_CONVERSION = YES;
				CLANG_WARN_INFINITE_RECURSION = YES;
				CLANG_WARN_INT_CONVERSION = YES;
				CLANG_WARN_OBJC_ROOT_CLASS = YES_ERROR;
				CLANG_WARN_SUSPICIOUS_MOVES = YES;
				CLANG_WARN_UNREACHABLE_CODE = YES;
				CLANG_WARN__DUPLICATE_METHOD_MATCH = YES;
				"CODE_SIGN_IDENTITY[sdk=iphoneos*]" = "iPhone Developer";
				COPY_PHASE_STRIP = NO;
				CURRENT_PROJECT_VERSION = 1;
				DEBUG_INFORMATION_FORMAT = "dwarf-with-dsym";
				ENABLE_NS_ASSERTIONS = NO;
				ENABLE_STRICT_OBJC_MSGSEND = YES;
				GCC_C_LANGUAGE_STANDARD = gnu99;
				GCC_NO_COMMON_BLOCKS = YES;
				GCC_WARN_64_TO_32_BIT_CONVERSION = YES;
				GCC_WARN_ABOUT_RETURN_TYPE = YES_ERROR;
				GCC_WARN_UNDECLARED_SELECTOR = YES;
				GCC_WARN_UNINITIALIZED_AUTOS = YES_AGGRESSIVE;
				GCC_WARN_UNUSED_FUNCTION = YES;
				GCC_WARN_UNUSED_VARIABLE = YES;
				IPHONEOS_DEPLOYMENT_TARGET = 10.1;
				MTL_ENABLE_DEBUG_INFO = NO;
				SDKROOT = iphoneos;
				TARGETED_DEVICE_FAMILY = "1,2";
				VALIDATE_PRODUCT = YES;
				VERSIONING_SYSTEM = "apple-generic";
				VERSION_INFO_PREFIX = "";
			};
			name = Release;
		};
		710FEDCC1DD4508600C4AA79 /* Debug */ = {
			isa = XCBuildConfiguration;
			buildSettings = {
				CODE_SIGN_IDENTITY = "";
				DEFINES_MODULE = YES;
				DEVELOPMENT_TEAM = V92MEYS6M8;
				DYLIB_COMPATIBILITY_VERSION = 1;
				DYLIB_CURRENT_VERSION = 1;
				DYLIB_INSTALL_NAME_BASE = "@rpath";
				FRAMEWORK_SEARCH_PATHS = "$(SRCROOT)/DyWeixin/libWeChatSDK.a";
				INFOPLIST_FILE = DyWeixin/Info.plist;
				INSTALL_PATH = "$(LOCAL_LIBRARY_DIR)/Frameworks";
				LD_RUNPATH_SEARCH_PATHS = "$(inherited) @executable_path/Frameworks @loader_path/Frameworks";
				LIBRARY_SEARCH_PATHS = (
					"$(inherited)",
					"$(PROJECT_DIR)/DyWeixin",
				);
				OTHER_LDFLAGS = "-all_load";
				PRODUCT_BUNDLE_IDENTIFIER = huangduyu.DyWeixin;
				PRODUCT_NAME = "$(TARGET_NAME)";
				SKIP_INSTALL = YES;
			};
			name = Debug;
		};
		710FEDCD1DD4508600C4AA79 /* Release */ = {
			isa = XCBuildConfiguration;
			buildSettings = {
				CODE_SIGN_IDENTITY = "";
				DEFINES_MODULE = YES;
				DEVELOPMENT_TEAM = V92MEYS6M8;
				DYLIB_COMPATIBILITY_VERSION = 1;
				DYLIB_CURRENT_VERSION = 1;
				DYLIB_INSTALL_NAME_BASE = "@rpath";
				FRAMEWORK_SEARCH_PATHS = "$(SRCROOT)/DyWeixin/libWeChatSDK.a";
				INFOPLIST_FILE = DyWeixin/Info.plist;
				INSTALL_PATH = "$(LOCAL_LIBRARY_DIR)/Frameworks";
				LD_RUNPATH_SEARCH_PATHS = "$(inherited) @executable_path/Frameworks @loader_path/Frameworks";
				LIBRARY_SEARCH_PATHS = (
					"$(inherited)",
					"$(PROJECT_DIR)/DyWeixin",
				);
				OTHER_LDFLAGS = "-all_load";
				PRODUCT_BUNDLE_IDENTIFIER = huangduyu.DyWeixin;
				PRODUCT_NAME = "$(TARGET_NAME)";
				SKIP_INSTALL = YES;
			};
			name = Release;
		};
/* End XCBuildConfiguration section */

/* Begin XCConfigurationList section */
		710FEDBD1DD4508600C4AA79 /* Build configuration list for PBXProject "DyWeixin" */ = {
			isa = XCConfigurationList;
			buildConfigurations = (
				710FEDC91DD4508600C4AA79 /* Debug */,
				710FEDCA1DD4508600C4AA79 /* Release */,
			);
			defaultConfigurationIsVisible = 0;
			defaultConfigurationName = Release;
		};
		710FEDCB1DD4508600C4AA79 /* Build configuration list for PBXNativeTarget "DyWeixin" */ = {
			isa = XCConfigurationList;
			buildConfigurations = (
				710FEDCC1DD4508600C4AA79 /* Debug */,
				710FEDCD1DD4508600C4AA79 /* Release */,
			);
			defaultConfigurationIsVisible = 0;
		};
/* End XCConfigurationList section */
	};
	rootObject = 710FEDBA1DD4508600C4AA79 /* Project object */;
}
